
Microsoft Visual Studio Solution File, Format Version 12.00
# Visual Studio 15
Project("{FAE04EC0-301F-11D3-BF4B-00C04F79EFBC}") = "TAPI_CSharp", "TAPI_CSharp.csproj", "{D446AC99-7B45-CF04-250B-87F41FFFC51A}"
EndProject
Project("{FAE04EC0-301F-11D3-BF4B-00C04F79EFBC}") = "Tayx_CSharp", "Tayx_CSharp.csproj", "{5067146E-B6CB-ECA2-B512-1BDEFFCC3D9B}"
EndProject
Project("{FAE04EC0-301F-11D3-BF4B-00C04F79EFBC}") = "kcc_CSharp", "kcc_CSharp.csproj", "{1135BE43-703E-0FBA-A31C-F6D36D9896F6}"
EndProject
Project("{FAE04EC0-301F-11D3-BF4B-00C04F79EFBC}") = "Rewired_CSharp", "Rewired_CSharp.csproj", "{2FD1CEA5-FAE7-F1F2-4580-5DAB732EA2B9}"
EndProject
Project("{FAE04EC0-301F-11D3-BF4B-00C04F79EFBC}") = "AsyncAwait_CSharp", "AsyncAwait_CSharp.csproj", "{354F80DC-9C76-805A-5B9A-646DABC77D3A}"
EndProject
Project("{FAE04EC0-301F-11D3-BF4B-00C04F79EFBC}") = "TidesPack_CSharp", "TidesPack_CSharp.csproj", "{79FC79AF-E3A0-5483-65C6-C242AE0AF74F}"
EndProject
Project("{FAE04EC0-301F-11D3-BF4B-00C04F79EFBC}") = "Sirenix.OdinInspector.CompatibilityLayer", "Sirenix.OdinInspector.CompatibilityLayer.csproj", "{D59656A0-C680-F740-3CAE-761FD93117D8}"
EndProject
Project("{FAE04EC0-301F-11D3-BF4B-00C04F79EFBC}") = "UnityBuild_CSharp", "UnityBuild_CSharp.csproj", "{B06A1EE5-E195-35D6-95E9-DDD2ADB49A03}"
EndProject
Project("{FAE04EC0-301F-11D3-BF4B-00C04F79EFBC}") = "Project_CSharp", "Project_CSharp.csproj", "{C74CDDFA-5943-5387-0BEC-13EA5E5516E2}"
EndProject
Project("{FAE04EC0-301F-11D3-BF4B-00C04F79EFBC}") = "UnityBuild_CSharp_Editor", "UnityBuild_CSharp_Editor.csproj", "{A4A17ED2-9006-DBFA-1C75-C5BC01F3B0A4}"
EndProject
Project("{FAE04EC0-301F-11D3-BF4B-00C04F79EFBC}") = "Sirenix.OdinInspector.CompatibilityLayer.Editor", "Sirenix.OdinInspector.CompatibilityLayer.Editor.csproj", "{82EA8C1B-EEE4-5D7F-FDD3-12913DD043B2}"
EndProject
Project("{FAE04EC0-301F-11D3-BF4B-00C04F79EFBC}") = "Rewired_CSharp_Editor", "Rewired_CSharp_Editor.csproj", "{F1D5E5C9-E458-BD03-AE68-940E5781E28F}"
EndProject
Project("{FAE04EC0-301F-11D3-BF4B-00C04F79EFBC}") = "CompileTimeTracker", "CompileTimeTracker.csproj", "{DBF8C6FD-2D6A-C3D9-2AC6-E9FD048153A8}"
EndProject
Project("{FAE04EC0-301F-11D3-BF4B-00C04F79EFBC}") = "Rewired_CONTROLMAPPER_CSharp_Editor", "Rewired_CONTROLMAPPER_CSharp_Editor.csproj", "{C085F562-C946-CA78-EF9D-3D92A4B62756}"
EndProject
Project("{FAE04EC0-301F-11D3-BF4B-00C04F79EFBC}") = "TAPI_Editor_CSharp", "TAPI_Editor_CSharp.csproj", "{6AC8A08E-82BE-04A5-7346-615957388F82}"
EndProject
Project("{FAE04EC0-301F-11D3-BF4B-00C04F79EFBC}") = "Rewired_UnityUI_CSharp_Editor", "Rewired_UnityUI_CSharp_Editor.csproj", "{7066872C-2C24-FCAC-3F98-09957A2387A5}"
EndProject
Project("{FAE04EC0-301F-11D3-BF4B-00C04F79EFBC}") = "Graphy_CSharp_Editor", "Graphy_CSharp_Editor.csproj", "{C67F8859-E706-9C5E-8080-E7C784387524}"
EndProject
Project("{FAE04EC0-301F-11D3-BF4B-00C04F79EFBC}") = "kcc_CSharp_Editor", "kcc_CSharp_Editor.csproj", "{A3DB3095-16D0-4C56-B1A3-7E27EC938CCF}"
EndProject
Project("{FAE04EC0-301F-11D3-BF4B-00C04F79EFBC}") = "Editor", "Editor.csproj", "{A1E8B2DE-4EF5-A6B4-FF9E-4F33FFDE20F1}"
EndProject
Global
	GlobalSection(SolutionConfigurationPlatforms) = preSolution
		Debug|Any CPU = Debug|Any CPU
		Release|Any CPU = Release|Any CPU
	EndGlobalSection
	GlobalSection(ProjectConfigurationPlatforms) = postSolution
		{D446AC99-7B45-CF04-250B-87F41FFFC51A}.Debug|Any CPU.ActiveCfg = Debug|Any CPU
		{D446AC99-7B45-CF04-250B-87F41FFFC51A}.Debug|Any CPU.Build.0 = Debug|Any CPU
		{D446AC99-7B45-CF04-250B-87F41FFFC51A}.Release|Any CPU.ActiveCfg = Release|Any CPU
		{D446AC99-7B45-CF04-250B-87F41FFFC51A}.Release|Any CPU.Build.0 = Release|Any CPU
		{5067146E-B6CB-ECA2-B512-1BDEFFCC3D9B}.Debug|Any CPU.ActiveCfg = Debug|Any CPU
		{5067146E-B6CB-ECA2-B512-1BDEFFCC3D9B}.Debug|Any CPU.Build.0 = Debug|Any CPU
		{5067146E-B6CB-ECA2-B512-1BDEFFCC3D9B}.Release|Any CPU.ActiveCfg = Release|Any CPU
		{5067146E-B6CB-ECA2-B512-1BDEFFCC3D9B}.Release|Any CPU.Build.0 = Release|Any CPU
		{1135BE43-703E-0FBA-A31C-F6D36D9896F6}.Debug|Any CPU.ActiveCfg = Debug|Any CPU
		{1135BE43-703E-0FBA-A31C-F6D36D9896F6}.Debug|Any CPU.Build.0 = Debug|Any CPU
		{1135BE43-703E-0FBA-A31C-F6D36D9896F6}.Release|Any CPU.ActiveCfg = Release|Any CPU
		{1135BE43-703E-0FBA-A31C-F6D36D9896F6}.Release|Any CPU.Build.0 = Release|Any CPU
		{2FD1CEA5-FAE7-F1F2-4580-5DAB732EA2B9}.Debug|Any CPU.ActiveCfg = Debug|Any CPU
		{2FD1CEA5-FAE7-F1F2-4580-5DAB732EA2B9}.Debug|Any CPU.Build.0 = Debug|Any CPU
		{2FD1CEA5-FAE7-F1F2-4580-5DAB732EA2B9}.Release|Any CPU.ActiveCfg = Release|Any CPU
		{2FD1CEA5-FAE7-F1F2-4580-5DAB732EA2B9}.Release|Any CPU.Build.0 = Release|Any CPU
		{354F80DC-9C76-805A-5B9A-646DABC77D3A}.Debug|Any CPU.ActiveCfg = Debug|Any CPU
		{354F80DC-9C76-805A-5B9A-646DABC77D3A}.Debug|Any CPU.Build.0 = Debug|Any CPU
		{354F80DC-9C76-805A-5B9A-646DABC77D3A}.Release|Any CPU.ActiveCfg = Release|Any CPU
		{354F80DC-9C76-805A-5B9A-646DABC77D3A}.Release|Any CPU.Build.0 = Release|Any CPU
		{79FC79AF-E3A0-5483-65C6-C242AE0AF74F}.Debug|Any CPU.ActiveCfg = Debug|Any CPU
		{79FC79AF-E3A0-5483-65C6-C242AE0AF74F}.Debug|Any CPU.Build.0 = Debug|Any CPU
		{79FC79AF-E3A0-5483-65C6-C242AE0AF74F}.Release|Any CPU.ActiveCfg = Release|Any CPU
		{79FC79AF-E3A0-5483-65C6-C242AE0AF74F}.Release|Any CPU.Build.0 = Release|Any CPU
		{D59656A0-C680-F740-3CAE-761FD93117D8}.Debug|Any CPU.ActiveCfg = Debug|Any CPU
		{D59656A0-C680-F740-3CAE-761FD93117D8}.Debug|Any CPU.Build.0 = Debug|Any CPU
		{D59656A0-C680-F740-3CAE-761FD93117D8}.Release|Any CPU.ActiveCfg = Release|Any CPU
		{D59656A0-C680-F740-3CAE-761FD93117D8}.Release|Any CPU.Build.0 = Release|Any CPU
		{B06A1EE5-E195-35D6-95E9-DDD2ADB49A03}.Debug|Any CPU.ActiveCfg = Debug|Any CPU
		{B06A1EE5-E195-35D6-95E9-DDD2ADB49A03}.Debug|Any CPU.Build.0 = Debug|Any CPU
		{B06A1EE5-E195-35D6-95E9-DDD2ADB49A03}.Release|Any CPU.ActiveCfg = Release|Any CPU
		{B06A1EE5-E195-35D6-95E9-DDD2ADB49A03}.Release|Any CPU.Build.0 = Release|Any CPU
		{C74CDDFA-5943-5387-0BEC-13EA5E5516E2}.Debug|Any CPU.ActiveCfg = Debug|Any CPU
		{C74CDDFA-5943-5387-0BEC-13EA5E5516E2}.Debug|Any CPU.Build.0 = Debug|Any CPU
		{C74CDDFA-5943-5387-0BEC-13EA5E5516E2}.Release|Any CPU.ActiveCfg = Release|Any CPU
		{C74CDDFA-5943-5387-0BEC-13EA5E5516E2}.Release|Any CPU.Build.0 = Release|Any CPU
		{A4A17ED2-9006-DBFA-1C75-C5BC01F3B0A4}.Debug|Any CPU.ActiveCfg = Debug|Any CPU
		{A4A17ED2-9006-DBFA-1C75-C5BC01F3B0A4}.Debug|Any CPU.Build.0 = Debug|Any CPU
		{A4A17ED2-9006-DBFA-1C75-C5BC01F3B0A4}.Release|Any CPU.ActiveCfg = Release|Any CPU
		{A4A17ED2-9006-DBFA-1C75-C5BC01F3B0A4}.Release|Any CPU.Build.0 = Release|Any CPU
		{82EA8C1B-EEE4-5D7F-FDD3-12913DD043B2}.Debug|Any CPU.ActiveCfg = Debug|Any CPU
		{82EA8C1B-EEE4-5D7F-FDD3-12913DD043B2}.Debug|Any CPU.Build.0 = Debug|Any CPU
		{82EA8C1B-EEE4-5D7F-FDD3-12913DD043B2}.Release|Any CPU.ActiveCfg = Release|Any CPU
		{82EA8C1B-EEE4-5D7F-FDD3-12913DD043B2}.Release|Any CPU.Build.0 = Release|Any CPU
		{F1D5E5C9-E458-BD03-AE68-940E5781E28F}.Debug|Any CPU.ActiveCfg = Debug|Any CPU
		{F1D5E5C9-E458-BD03-AE68-940E5781E28F}.Debug|Any CPU.Build.0 = Debug|Any CPU
		{F1D5E5C9-E458-BD03-AE68-940E5781E28F}.Release|Any CPU.ActiveCfg = Release|Any CPU
		{F1D5E5C9-E458-BD03-AE68-940E5781E28F}.Release|Any CPU.Build.0 = Release|Any CPU
		{DBF8C6FD-2D6A-C3D9-2AC6-E9FD048153A8}.Debug|Any CPU.ActiveCfg = Debug|Any CPU
		{DBF8C6FD-2D6A-C3D9-2AC6-E9FD048153A8}.Debug|Any CPU.Build.0 = Debug|Any CPU
		{DBF8C6FD-2D6A-C3D9-2AC6-E9FD048153A8}.Release|Any CPU.ActiveCfg = Release|Any CPU
		{DBF8C6FD-2D6A-C3D9-2AC6-E9FD048153A8}.Release|Any CPU.Build.0 = Release|Any CPU
		{C085F562-C946-CA78-EF9D-3D92A4B62756}.Debug|Any CPU.ActiveCfg = Debug|Any CPU
		{C085F562-C946-CA78-EF9D-3D92A4B62756}.Debug|Any CPU.Build.0 = Debug|Any CPU
		{C085F562-C946-CA78-EF9D-3D92A4B62756}.Release|Any CPU.ActiveCfg = Release|Any CPU
		{C085F562-C946-CA78-EF9D-3D92A4B62756}.Release|Any CPU.Build.0 = Release|Any CPU
		{6AC8A08E-82BE-04A5-7346-615957388F82}.Debug|Any CPU.ActiveCfg = Debug|Any CPU
		{6AC8A08E-82BE-04A5-7346-615957388F82}.Debug|Any CPU.Build.0 = Debug|Any CPU
		{6AC8A08E-82BE-04A5-7346-615957388F82}.Release|Any CPU.ActiveCfg = Release|Any CPU
		{6AC8A08E-82BE-04A5-7346-615957388F82}.Release|Any CPU.Build.0 = Release|Any CPU
		{7066872C-2C24-FCAC-3F98-09957A2387A5}.Debug|Any CPU.ActiveCfg = Debug|Any CPU
		{7066872C-2C24-FCAC-3F98-09957A2387A5}.Debug|Any CPU.Build.0 = Debug|Any CPU
		{7066872C-2C24-FCAC-3F98-09957A2387A5}.Release|Any CPU.ActiveCfg = Release|Any CPU
		{7066872C-2C24-FCAC-3F98-09957A2387A5}.Release|Any CPU.Build.0 = Release|Any CPU
		{C67F8859-E706-9C5E-8080-E7C784387524}.Debug|Any CPU.ActiveCfg = Debug|Any CPU
		{C67F8859-E706-9C5E-8080-E7C784387524}.Debug|Any CPU.Build.0 = Debug|Any CPU
		{C67F8859-E706-9C5E-8080-E7C784387524}.Release|Any CPU.ActiveCfg = Release|Any CPU
		{C67F8859-E706-9C5E-8080-E7C784387524}.Release|Any CPU.Build.0 = Release|Any CPU
		{A3DB3095-16D0-4C56-B1A3-7E27EC938CCF}.Debug|Any CPU.ActiveCfg = Debug|Any CPU
		{A3DB3095-16D0-4C56-B1A3-7E27EC938CCF}.Debug|Any CPU.Build.0 = Debug|Any CPU
		{A3DB3095-16D0-4C56-B1A3-7E27EC938CCF}.Release|Any CPU.ActiveCfg = Release|Any CPU
		{A3DB3095-16D0-4C56-B1A3-7E27EC938CCF}.Release|Any CPU.Build.0 = Release|Any CPU
		{A1E8B2DE-4EF5-A6B4-FF9E-4F33FFDE20F1}.Debug|Any CPU.ActiveCfg = Debug|Any CPU
		{A1E8B2DE-4EF5-A6B4-FF9E-4F33FFDE20F1}.Debug|Any CPU.Build.0 = Debug|Any CPU
		{A1E8B2DE-4EF5-A6B4-FF9E-4F33FFDE20F1}.Release|Any CPU.ActiveCfg = Release|Any CPU
		{A1E8B2DE-4EF5-A6B4-FF9E-4F33FFDE20F1}.Release|Any CPU.Build.0 = Release|Any CPU
	EndGlobalSection
	GlobalSection(SolutionProperties) = preSolution
		HideSolutionNode = FALSE
	EndGlobalSection
EndGlobal
